
Microsoft Visual Studio Solution File, Format Version 12.00
# Visual Studio Version 17
VisualStudioVersion = 17.0.32126.317
MinimumVisualStudioVersion = 10.0.40219.1
Project("{FAE04EC0-301F-11D3-BF4B-00C04F79EFBC}") = "BlazorBasic.Api", "Api\BlazorBasic.Api.csproj", "{60CC30FA-94DE-404A-A27A-3503157070AB}"
EndProject
Project("{FAE04EC0-301F-11D3-BF4B-00C04F79EFBC}") = "BlazorBasic.Client", "Client\BlazorBasic.Client.csproj", "{C362C09F-CCF4-4BF1-ADF1-EE5A74FADCFD}"
EndProject
Global
	GlobalSection(SolutionConfigurationPlatforms) = preSolution
		Debug|Any CPU = Debug|Any CPU
		Release|Any CPU = Release|Any CPU
	EndGlobalSection
	GlobalSection(ProjectConfigurationPlatforms) = postSolution
		{60CC30FA-94DE-404A-A27A-3503157070AB}.Debug|Any CPU.ActiveCfg = Debug|Any CPU
		{60CC30FA-94DE-404A-A27A-3503157070AB}.Debug|Any CPU.Build.0 = Debug|Any CPU
		{60CC30FA-94DE-404A-A27A-3503157070AB}.Release|Any CPU.ActiveCfg = Release|Any CPU
		{60CC30FA-94DE-404A-A27A-3503157070AB}.Release|Any CPU.Build.0 = Release|Any CPU
		{C362C09F-CCF4-4BF1-ADF1-EE5A74FADCFD}.Debug|Any CPU.ActiveCfg = Debug|Any CPU
		{C362C09F-CCF4-4BF1-ADF1-EE5A74FADCFD}.Debug|Any CPU.Build.0 = Debug|Any CPU
		{C362C09F-CCF4-4BF1-ADF1-EE5A74FADCFD}.Release|Any CPU.ActiveCfg = Release|Any CPU
		{C362C09F-CCF4-4BF1-ADF1-EE5A74FADCFD}.Release|Any CPU.Build.0 = Release|Any CPU
	EndGlobalSection
	GlobalSection(SolutionProperties) = preSolution
		HideSolutionNode = FALSE
	EndGlobalSection
	GlobalSection(ExtensibilityGlobals) = postSolution
		SolutionGuid = {4F9D01E7-687B-44CB-8224-C8AA6C773351}
	EndGlobalSection
EndGlobal
